
Microsoft Visual Studio Solution File, Format Version 11.00
# Visual Studio 2010
Project("{FAE04EC0-301F-11D3-BF4B-00C04F79EFBC}") = "FirstMap3", "FirstMap3\FirstMap3.csproj", "{D5AC2D45-6081-4875-B597-4125E064AADE}"
EndProject
Global
	GlobalSection(SolutionConfigurationPlatforms) = preSolution
		Debug|x86 = Debug|x86
		Release|x86 = Release|x86
	EndGlobalSection
	GlobalSection(ProjectConfigurationPlatforms) = postSolution
		{D5AC2D45-6081-4875-B597-4125E064AADE}.Debug|x86.ActiveCfg = Debug|x86
		{D5AC2D45-6081-4875-B597-4125E064AADE}.Debug|x86.Build.0 = Debug|x86
		{D5AC2D45-6081-4875-B597-4125E064AADE}.Release|x86.ActiveCfg = Release|x86
		{D5AC2D45-6081-4875-B597-4125E064AADE}.Release|x86.Build.0 = Release|x86
	EndGlobalSection
	GlobalSection(SolutionProperties) = preSolution
		HideSolutionNode = FALSE
	EndGlobalSection
EndGlobal
