
Microsoft Visual Studio Solution File, Format Version 9.00
# Visual Studio 2005
Project("{F184B08F-C81C-45F6-A57F-5ABD9991F28F}") = "QueryFilters", "QueryFilters\QueryFilters.vbproj", "{9D6EE268-EDD2-4704-9AE2-E1590D349D81}"
EndProject
Global
	GlobalSection(SolutionConfigurationPlatforms) = preSolution
		Debug|Any CPU = Debug|Any CPU
		Release|Any CPU = Release|Any CPU
	EndGlobalSection
	GlobalSection(ProjectConfigurationPlatforms) = postSolution
		{9D6EE268-EDD2-4704-9AE2-E1590D349D81}.Debug|Any CPU.ActiveCfg = Debug|Any CPU
		{9D6EE268-EDD2-4704-9AE2-E1590D349D81}.Debug|Any CPU.Build.0 = Debug|Any CPU
		{9D6EE268-EDD2-4704-9AE2-E1590D349D81}.Release|Any CPU.ActiveCfg = Release|Any CPU
		{9D6EE268-EDD2-4704-9AE2-E1590D349D81}.Release|Any CPU.Build.0 = Release|Any CPU
	EndGlobalSection
	GlobalSection(SolutionProperties) = preSolution
		HideSolutionNode = FALSE
	EndGlobalSection
EndGlobal
